
Microsoft Visual Studio Solution File, Format Version 12.00
# Visual Studio 2012
Project("{FAE04EC0-301F-11D3-BF4B-00C04F79EFBC}") = "LBi.LostDoc.ConsoleApplication", "LBi.LostDoc.ConsoleApplication\LBi.LostDoc.ConsoleApplication.csproj", "{9AA8D187-75E5-4472-81BA-5BE5CFCCECC5}"
EndProject
Project("{FAE04EC0-301F-11D3-BF4B-00C04F79EFBC}") = "LBi.LostDoc", "LBi.LostDoc\LBi.LostDoc.csproj", "{B411734E-B768-422F-BA1C-5B9AEEF97C52}"
EndProject
Project("{2150E333-8FDC-42A3-9474-1A3956D46DE8}") = "Test", "Test", "{0FC44D72-B7A8-4E66-AF4A-CDD177EF5E7E}"
EndProject
Project("{FAE04EC0-301F-11D3-BF4B-00C04F79EFBC}") = "Company.Project.Library", "Company.Project.Library\Company.Project.Library.csproj", "{B36E13C7-AD0C-4AC8-B687-88F08A4932C4}"
EndProject
Project("{FAE04EC0-301F-11D3-BF4B-00C04F79EFBC}") = "Company.Project.Service", "Company.Project.Service\Company.Project.Service.csproj", "{709535B2-25C0-4718-AD1D-459D9E272F2F}"
EndProject
Project("{FAE04EC0-301F-11D3-BF4B-00C04F79EFBC}") = "LBi.LostDoc.Test", "LBi.LostDoc.Test\LBi.LostDoc.Test.csproj", "{ABDE3820-BCFF-4394-AC42-8A1305FB668F}"
EndProject
Project("{FAE04EC0-301F-11D3-BF4B-00C04F79EFBC}") = "Company.Project.AnotherLibrary", "Company.Project.AnotherLibrary\Company.Project.AnotherLibrary.csproj", "{927BD07E-35D1-4C12-AAAA-BE5216627FBD}"
EndProject
Project("{FAE04EC0-301F-11D3-BF4B-00C04F79EFBC}") = "LBi.LostDoc.Repository.Web.Host", "LBi.LostDoc.Repository.Web.Host\LBi.LostDoc.Repository.Web.Host.csproj", "{47F506C1-3996-47BA-B734-496276A40A99}"
EndProject
Project("{FAE04EC0-301F-11D3-BF4B-00C04F79EFBC}") = "LBi.LostDoc.Repository", "LBi.LostDoc.Repository\LBi.LostDoc.Repository.csproj", "{94D3A3E9-16A3-4E15-8CFE-24AF01FB1114}"
EndProject
Project("{FAE04EC0-301F-11D3-BF4B-00C04F79EFBC}") = "LBi.LostDoc.ConsoleApplication.Plugin.Repository", "LBi.LostDoc.ConsoleApplication.Plugin.Repository\LBi.LostDoc.ConsoleApplication.Plugin.Repository.csproj", "{7AC16988-3B6A-47A8-B2CD-27B52CA808C7}"
EndProject
Project("{FAE04EC0-301F-11D3-BF4B-00C04F79EFBC}") = "LBi.LostDoc.Templating.Transforms.Less", "LBi.LostDoc.Templating.Transforms.Less\LBi.LostDoc.Templating.Transforms.Less.csproj", "{D61CB417-8623-4D7E-B458-B7D1409F7F3D}"
EndProject
Project("{FAE04EC0-301F-11D3-BF4B-00C04F79EFBC}") = "LBi.LostDoc.ConsoleApplication.Extensibility", "LBi.LostDoc.ConsoleApplication.Extensibility\LBi.LostDoc.ConsoleApplication.Extensibility.csproj", "{937A6F0F-EFDC-4689-A88D-30954A92C027}"
EndProject
Project("{FAE04EC0-301F-11D3-BF4B-00C04F79EFBC}") = "LBi.LostDoc.Templates", "LBi.LostDoc.Templates\LBi.LostDoc.Templates.csproj", "{357E5BA0-0AA0-4C30-B7BB-EEC8EAAA6D17}"
EndProject
Project("{FAE04EC0-301F-11D3-BF4B-00C04F79EFBC}") = "LBi.LostDoc.Packaging", "LBi.LostDoc.Packaging\LBi.LostDoc.Packaging.csproj", "{32E920E1-127C-45BD-815F-C5BF8779B621}"
EndProject
Project("{FAE04EC0-301F-11D3-BF4B-00C04F79EFBC}") = "LBi.LostDoc.Repository.Web", "LBi.LostDoc.Repository.Web\LBi.LostDoc.Repository.Web.csproj", "{CD6610BD-F313-441F-BFD6-1D003E949575}"
EndProject
Project("{FAE04EC0-301F-11D3-BF4B-00C04F79EFBC}") = "LBi.LostDoc.Repository.Web.Api", "LBi.LostDoc.Repository.Web.Api\LBi.LostDoc.Repository.Web.Api.csproj", "{AC845337-41C3-47FB-855D-40749D6813CD}"
EndProject
Project("{2150E333-8FDC-42A3-9474-1A3956D46DE8}") = ".nuget", ".nuget", "{0F77CBEA-3038-417D-80B8-DF7EEBDBB868}"
	ProjectSection(SolutionItems) = preProject
		.nuget\NuGet.Config = .nuget\NuGet.Config
		.nuget\NuGet.exe = .nuget\NuGet.exe
		.nuget\NuGet.targets = .nuget\NuGet.targets
	EndProjectSection
EndProject
Project("{FAE04EC0-301F-11D3-BF4B-00C04F79EFBC}") = "LBi.LostDoc.AddIns", "LBi.LostDoc.AddIns\LBi.LostDoc.AddIns.csproj", "{86F2B577-7AD3-4F25-99D2-ED63B3E56A74}"
EndProject
Global
	GlobalSection(SolutionConfigurationPlatforms) = preSolution
		Debug|Any CPU = Debug|Any CPU
		Debug|Mixed Platforms = Debug|Mixed Platforms
		Debug|x86 = Debug|x86
		Release|Any CPU = Release|Any CPU
		Release|Mixed Platforms = Release|Mixed Platforms
		Release|x86 = Release|x86
	EndGlobalSection
	GlobalSection(ProjectConfigurationPlatforms) = postSolution
		{9AA8D187-75E5-4472-81BA-5BE5CFCCECC5}.Debug|Any CPU.ActiveCfg = Debug|Any CPU
		{9AA8D187-75E5-4472-81BA-5BE5CFCCECC5}.Debug|Any CPU.Build.0 = Debug|Any CPU
		{9AA8D187-75E5-4472-81BA-5BE5CFCCECC5}.Debug|Mixed Platforms.ActiveCfg = Debug|Any CPU
		{9AA8D187-75E5-4472-81BA-5BE5CFCCECC5}.Debug|Mixed Platforms.Build.0 = Debug|Any CPU
		{9AA8D187-75E5-4472-81BA-5BE5CFCCECC5}.Debug|x86.ActiveCfg = Debug|Any CPU
		{9AA8D187-75E5-4472-81BA-5BE5CFCCECC5}.Debug|x86.Build.0 = Debug|Any CPU
		{9AA8D187-75E5-4472-81BA-5BE5CFCCECC5}.Release|Any CPU.ActiveCfg = Release|Any CPU
		{9AA8D187-75E5-4472-81BA-5BE5CFCCECC5}.Release|Any CPU.Build.0 = Release|Any CPU
		{9AA8D187-75E5-4472-81BA-5BE5CFCCECC5}.Release|Mixed Platforms.ActiveCfg = Release|Any CPU
		{9AA8D187-75E5-4472-81BA-5BE5CFCCECC5}.Release|Mixed Platforms.Build.0 = Release|Any CPU
		{9AA8D187-75E5-4472-81BA-5BE5CFCCECC5}.Release|x86.ActiveCfg = Release|Any CPU
		{B411734E-B768-422F-BA1C-5B9AEEF97C52}.Debug|Any CPU.ActiveCfg = Debug|Any CPU
		{B411734E-B768-422F-BA1C-5B9AEEF97C52}.Debug|Any CPU.Build.0 = Debug|Any CPU
		{B411734E-B768-422F-BA1C-5B9AEEF97C52}.Debug|Mixed Platforms.ActiveCfg = Debug|Any CPU
		{B411734E-B768-422F-BA1C-5B9AEEF97C52}.Debug|Mixed Platforms.Build.0 = Debug|Any CPU
		{B411734E-B768-422F-BA1C-5B9AEEF97C52}.Debug|x86.ActiveCfg = Debug|Any CPU
		{B411734E-B768-422F-BA1C-5B9AEEF97C52}.Debug|x86.Build.0 = Debug|Any CPU
		{B411734E-B768-422F-BA1C-5B9AEEF97C52}.Release|Any CPU.ActiveCfg = Release|Any CPU
		{B411734E-B768-422F-BA1C-5B9AEEF97C52}.Release|Any CPU.Build.0 = Release|Any CPU
		{B411734E-B768-422F-BA1C-5B9AEEF97C52}.Release|Mixed Platforms.ActiveCfg = Release|Any CPU
		{B411734E-B768-422F-BA1C-5B9AEEF97C52}.Release|Mixed Platforms.Build.0 = Release|Any CPU
		{B411734E-B768-422F-BA1C-5B9AEEF97C52}.Release|x86.ActiveCfg = Release|Any CPU
		{B36E13C7-AD0C-4AC8-B687-88F08A4932C4}.Debug|Any CPU.ActiveCfg = Debug|Any CPU
		{B36E13C7-AD0C-4AC8-B687-88F08A4932C4}.Debug|Any CPU.Build.0 = Debug|Any CPU
		{B36E13C7-AD0C-4AC8-B687-88F08A4932C4}.Debug|Mixed Platforms.ActiveCfg = Debug|Any CPU
		{B36E13C7-AD0C-4AC8-B687-88F08A4932C4}.Debug|Mixed Platforms.Build.0 = Debug|Any CPU
		{B36E13C7-AD0C-4AC8-B687-88F08A4932C4}.Debug|x86.ActiveCfg = Debug|Any CPU
		{B36E13C7-AD0C-4AC8-B687-88F08A4932C4}.Debug|x86.Build.0 = Debug|Any CPU
		{B36E13C7-AD0C-4AC8-B687-88F08A4932C4}.Release|Any CPU.ActiveCfg = Release|Any CPU
		{B36E13C7-AD0C-4AC8-B687-88F08A4932C4}.Release|Any CPU.Build.0 = Release|Any CPU
		{B36E13C7-AD0C-4AC8-B687-88F08A4932C4}.Release|Mixed Platforms.ActiveCfg = Release|Any CPU
		{B36E13C7-AD0C-4AC8-B687-88F08A4932C4}.Release|Mixed Platforms.Build.0 = Release|Any CPU
		{B36E13C7-AD0C-4AC8-B687-88F08A4932C4}.Release|x86.ActiveCfg = Release|Any CPU
		{709535B2-25C0-4718-AD1D-459D9E272F2F}.Debug|Any CPU.ActiveCfg = Debug|Any CPU
		{709535B2-25C0-4718-AD1D-459D9E272F2F}.Debug|Any CPU.Build.0 = Debug|Any CPU
		{709535B2-25C0-4718-AD1D-459D9E272F2F}.Debug|Mixed Platforms.ActiveCfg = Debug|Any CPU
		{709535B2-25C0-4718-AD1D-459D9E272F2F}.Debug|Mixed Platforms.Build.0 = Debug|Any CPU
		{709535B2-25C0-4718-AD1D-459D9E272F2F}.Debug|x86.ActiveCfg = Debug|Any CPU
		{709535B2-25C0-4718-AD1D-459D9E272F2F}.Debug|x86.Build.0 = Debug|Any CPU
		{709535B2-25C0-4718-AD1D-459D9E272F2F}.Release|Any CPU.ActiveCfg = Release|Any CPU
		{709535B2-25C0-4718-AD1D-459D9E272F2F}.Release|Any CPU.Build.0 = Release|Any CPU
		{709535B2-25C0-4718-AD1D-459D9E272F2F}.Release|Mixed Platforms.ActiveCfg = Release|Any CPU
		{709535B2-25C0-4718-AD1D-459D9E272F2F}.Release|Mixed Platforms.Build.0 = Release|Any CPU
		{709535B2-25C0-4718-AD1D-459D9E272F2F}.Release|x86.ActiveCfg = Release|Any CPU
		{ABDE3820-BCFF-4394-AC42-8A1305FB668F}.Debug|Any CPU.ActiveCfg = Debug|Any CPU
		{ABDE3820-BCFF-4394-AC42-8A1305FB668F}.Debug|Any CPU.Build.0 = Debug|Any CPU
		{ABDE3820-BCFF-4394-AC42-8A1305FB668F}.Debug|Mixed Platforms.ActiveCfg = Debug|Any CPU
		{ABDE3820-BCFF-4394-AC42-8A1305FB668F}.Debug|Mixed Platforms.Build.0 = Debug|Any CPU
		{ABDE3820-BCFF-4394-AC42-8A1305FB668F}.Debug|x86.ActiveCfg = Debug|Any CPU
		{ABDE3820-BCFF-4394-AC42-8A1305FB668F}.Debug|x86.Build.0 = Debug|Any CPU
		{ABDE3820-BCFF-4394-AC42-8A1305FB668F}.Release|Any CPU.ActiveCfg = Release|Any CPU
		{ABDE3820-BCFF-4394-AC42-8A1305FB668F}.Release|Any CPU.Build.0 = Release|Any CPU
		{ABDE3820-BCFF-4394-AC42-8A1305FB668F}.Release|Mixed Platforms.ActiveCfg = Release|Any CPU
		{ABDE3820-BCFF-4394-AC42-8A1305FB668F}.Release|Mixed Platforms.Build.0 = Release|Any CPU
		{ABDE3820-BCFF-4394-AC42-8A1305FB668F}.Release|x86.ActiveCfg = Release|Any CPU
		{927BD07E-35D1-4C12-AAAA-BE5216627FBD}.Debug|Any CPU.ActiveCfg = Debug|Any CPU
		{927BD07E-35D1-4C12-AAAA-BE5216627FBD}.Debug|Any CPU.Build.0 = Debug|Any CPU
		{927BD07E-35D1-4C12-AAAA-BE5216627FBD}.Debug|Mixed Platforms.ActiveCfg = Debug|Any CPU
		{927BD07E-35D1-4C12-AAAA-BE5216627FBD}.Debug|Mixed Platforms.Build.0 = Debug|Any CPU
		{927BD07E-35D1-4C12-AAAA-BE5216627FBD}.Debug|x86.ActiveCfg = Debug|Any CPU
		{927BD07E-35D1-4C12-AAAA-BE5216627FBD}.Debug|x86.Build.0 = Debug|Any CPU
		{927BD07E-35D1-4C12-AAAA-BE5216627FBD}.Release|Any CPU.ActiveCfg = Release|Any CPU
		{927BD07E-35D1-4C12-AAAA-BE5216627FBD}.Release|Any CPU.Build.0 = Release|Any CPU
		{927BD07E-35D1-4C12-AAAA-BE5216627FBD}.Release|Mixed Platforms.ActiveCfg = Release|Any CPU
		{927BD07E-35D1-4C12-AAAA-BE5216627FBD}.Release|Mixed Platforms.Build.0 = Release|Any CPU
		{927BD07E-35D1-4C12-AAAA-BE5216627FBD}.Release|x86.ActiveCfg = Release|Any CPU
		{47F506C1-3996-47BA-B734-496276A40A99}.Debug|Any CPU.ActiveCfg = Debug|Any CPU
		{47F506C1-3996-47BA-B734-496276A40A99}.Debug|Any CPU.Build.0 = Debug|Any CPU
		{47F506C1-3996-47BA-B734-496276A40A99}.Debug|Mixed Platforms.ActiveCfg = Debug|Any CPU
		{47F506C1-3996-47BA-B734-496276A40A99}.Debug|Mixed Platforms.Build.0 = Debug|Any CPU
		{47F506C1-3996-47BA-B734-496276A40A99}.Debug|x86.ActiveCfg = Debug|Any CPU
		{47F506C1-3996-47BA-B734-496276A40A99}.Debug|x86.Build.0 = Debug|Any CPU
		{47F506C1-3996-47BA-B734-496276A40A99}.Release|Any CPU.ActiveCfg = Release|Any CPU
		{47F506C1-3996-47BA-B734-496276A40A99}.Release|Any CPU.Build.0 = Release|Any CPU
		{47F506C1-3996-47BA-B734-496276A40A99}.Release|Mixed Platforms.ActiveCfg = Release|Any CPU
		{47F506C1-3996-47BA-B734-496276A40A99}.Release|Mixed Platforms.Build.0 = Release|Any CPU
		{47F506C1-3996-47BA-B734-496276A40A99}.Release|x86.ActiveCfg = Release|Any CPU
		{94D3A3E9-16A3-4E15-8CFE-24AF01FB1114}.Debug|Any CPU.ActiveCfg = Debug|Any CPU
		{94D3A3E9-16A3-4E15-8CFE-24AF01FB1114}.Debug|Any CPU.Build.0 = Debug|Any CPU
		{94D3A3E9-16A3-4E15-8CFE-24AF01FB1114}.Debug|Mixed Platforms.ActiveCfg = Debug|Any CPU
		{94D3A3E9-16A3-4E15-8CFE-24AF01FB1114}.Debug|Mixed Platforms.Build.0 = Debug|Any CPU
		{94D3A3E9-16A3-4E15-8CFE-24AF01FB1114}.Debug|x86.ActiveCfg = Debug|Any CPU
		{94D3A3E9-16A3-4E15-8CFE-24AF01FB1114}.Debug|x86.Build.0 = Debug|Any CPU
		{94D3A3E9-16A3-4E15-8CFE-24AF01FB1114}.Release|Any CPU.ActiveCfg = Release|Any CPU
		{94D3A3E9-16A3-4E15-8CFE-24AF01FB1114}.Release|Any CPU.Build.0 = Release|Any CPU
		{94D3A3E9-16A3-4E15-8CFE-24AF01FB1114}.Release|Mixed Platforms.ActiveCfg = Release|Any CPU
		{94D3A3E9-16A3-4E15-8CFE-24AF01FB1114}.Release|Mixed Platforms.Build.0 = Release|Any CPU
		{94D3A3E9-16A3-4E15-8CFE-24AF01FB1114}.Release|x86.ActiveCfg = Release|Any CPU
		{7AC16988-3B6A-47A8-B2CD-27B52CA808C7}.Debug|Any CPU.ActiveCfg = Debug|Any CPU
		{7AC16988-3B6A-47A8-B2CD-27B52CA808C7}.Debug|Any CPU.Build.0 = Debug|Any CPU
		{7AC16988-3B6A-47A8-B2CD-27B52CA808C7}.Debug|Mixed Platforms.ActiveCfg = Debug|Any CPU
		{7AC16988-3B6A-47A8-B2CD-27B52CA808C7}.Debug|Mixed Platforms.Build.0 = Debug|Any CPU
		{7AC16988-3B6A-47A8-B2CD-27B52CA808C7}.Debug|x86.ActiveCfg = Debug|Any CPU
		{7AC16988-3B6A-47A8-B2CD-27B52CA808C7}.Release|Any CPU.ActiveCfg = Release|Any CPU
		{7AC16988-3B6A-47A8-B2CD-27B52CA808C7}.Release|Any CPU.Build.0 = Release|Any CPU
		{7AC16988-3B6A-47A8-B2CD-27B52CA808C7}.Release|Mixed Platforms.ActiveCfg = Release|Any CPU
		{7AC16988-3B6A-47A8-B2CD-27B52CA808C7}.Release|Mixed Platforms.Build.0 = Release|Any CPU
		{7AC16988-3B6A-47A8-B2CD-27B52CA808C7}.Release|x86.ActiveCfg = Release|Any CPU
		{D61CB417-8623-4D7E-B458-B7D1409F7F3D}.Debug|Any CPU.ActiveCfg = Debug|Any CPU
		{D61CB417-8623-4D7E-B458-B7D1409F7F3D}.Debug|Any CPU.Build.0 = Debug|Any CPU
		{D61CB417-8623-4D7E-B458-B7D1409F7F3D}.Debug|Mixed Platforms.ActiveCfg = Debug|Any CPU
		{D61CB417-8623-4D7E-B458-B7D1409F7F3D}.Debug|Mixed Platforms.Build.0 = Debug|Any CPU
		{D61CB417-8623-4D7E-B458-B7D1409F7F3D}.Debug|x86.ActiveCfg = Debug|Any CPU
		{D61CB417-8623-4D7E-B458-B7D1409F7F3D}.Release|Any CPU.ActiveCfg = Release|Any CPU
		{D61CB417-8623-4D7E-B458-B7D1409F7F3D}.Release|Any CPU.Build.0 = Release|Any CPU
		{D61CB417-8623-4D7E-B458-B7D1409F7F3D}.Release|Mixed Platforms.ActiveCfg = Release|Any CPU
		{D61CB417-8623-4D7E-B458-B7D1409F7F3D}.Release|Mixed Platforms.Build.0 = Release|Any CPU
		{D61CB417-8623-4D7E-B458-B7D1409F7F3D}.Release|x86.ActiveCfg = Release|Any CPU
		{937A6F0F-EFDC-4689-A88D-30954A92C027}.Debug|Any CPU.ActiveCfg = Debug|Any CPU
		{937A6F0F-EFDC-4689-A88D-30954A92C027}.Debug|Any CPU.Build.0 = Debug|Any CPU
		{937A6F0F-EFDC-4689-A88D-30954A92C027}.Debug|Mixed Platforms.ActiveCfg = Debug|Any CPU
		{937A6F0F-EFDC-4689-A88D-30954A92C027}.Debug|Mixed Platforms.Build.0 = Debug|Any CPU
		{937A6F0F-EFDC-4689-A88D-30954A92C027}.Debug|x86.ActiveCfg = Debug|Any CPU
		{937A6F0F-EFDC-4689-A88D-30954A92C027}.Release|Any CPU.ActiveCfg = Release|Any CPU
		{937A6F0F-EFDC-4689-A88D-30954A92C027}.Release|Any CPU.Build.0 = Release|Any CPU
		{937A6F0F-EFDC-4689-A88D-30954A92C027}.Release|Mixed Platforms.ActiveCfg = Release|Any CPU
		{937A6F0F-EFDC-4689-A88D-30954A92C027}.Release|Mixed Platforms.Build.0 = Release|Any CPU
		{937A6F0F-EFDC-4689-A88D-30954A92C027}.Release|x86.ActiveCfg = Release|Any CPU
		{357E5BA0-0AA0-4C30-B7BB-EEC8EAAA6D17}.Debug|Any CPU.ActiveCfg = Debug|Any CPU
		{357E5BA0-0AA0-4C30-B7BB-EEC8EAAA6D17}.Debug|Any CPU.Build.0 = Debug|Any CPU
		{357E5BA0-0AA0-4C30-B7BB-EEC8EAAA6D17}.Debug|Mixed Platforms.ActiveCfg = Debug|Any CPU
		{357E5BA0-0AA0-4C30-B7BB-EEC8EAAA6D17}.Debug|Mixed Platforms.Build.0 = Debug|Any CPU
		{357E5BA0-0AA0-4C30-B7BB-EEC8EAAA6D17}.Debug|x86.ActiveCfg = Debug|Any CPU
		{357E5BA0-0AA0-4C30-B7BB-EEC8EAAA6D17}.Release|Any CPU.ActiveCfg = Release|Any CPU
		{357E5BA0-0AA0-4C30-B7BB-EEC8EAAA6D17}.Release|Any CPU.Build.0 = Release|Any CPU
		{357E5BA0-0AA0-4C30-B7BB-EEC8EAAA6D17}.Release|Mixed Platforms.ActiveCfg = Release|Any CPU
		{357E5BA0-0AA0-4C30-B7BB-EEC8EAAA6D17}.Release|Mixed Platforms.Build.0 = Release|Any CPU
		{357E5BA0-0AA0-4C30-B7BB-EEC8EAAA6D17}.Release|x86.ActiveCfg = Release|Any CPU
		{32E920E1-127C-45BD-815F-C5BF8779B621}.Debug|Any CPU.ActiveCfg = Debug|Any CPU
		{32E920E1-127C-45BD-815F-C5BF8779B621}.Debug|Any CPU.Build.0 = Debug|Any CPU
		{32E920E1-127C-45BD-815F-C5BF8779B621}.Debug|Mixed Platforms.ActiveCfg = Debug|Any CPU
		{32E920E1-127C-45BD-815F-C5BF8779B621}.Debug|Mixed Platforms.Build.0 = Debug|Any CPU
		{32E920E1-127C-45BD-815F-C5BF8779B621}.Debug|x86.ActiveCfg = Debug|Any CPU
		{32E920E1-127C-45BD-815F-C5BF8779B621}.Release|Any CPU.ActiveCfg = Release|Any CPU
		{32E920E1-127C-45BD-815F-C5BF8779B621}.Release|Any CPU.Build.0 = Release|Any CPU
		{32E920E1-127C-45BD-815F-C5BF8779B621}.Release|Mixed Platforms.ActiveCfg = Release|Any CPU
		{32E920E1-127C-45BD-815F-C5BF8779B621}.Release|Mixed Platforms.Build.0 = Release|Any CPU
		{32E920E1-127C-45BD-815F-C5BF8779B621}.Release|x86.ActiveCfg = Release|Any CPU
		{CD6610BD-F313-441F-BFD6-1D003E949575}.Debug|Any CPU.ActiveCfg = Debug|Any CPU
		{CD6610BD-F313-441F-BFD6-1D003E949575}.Debug|Any CPU.Build.0 = Debug|Any CPU
		{CD6610BD-F313-441F-BFD6-1D003E949575}.Debug|Mixed Platforms.ActiveCfg = Debug|Any CPU
		{CD6610BD-F313-441F-BFD6-1D003E949575}.Debug|Mixed Platforms.Build.0 = Debug|Any CPU
		{CD6610BD-F313-441F-BFD6-1D003E949575}.Debug|x86.ActiveCfg = Debug|Any CPU
		{CD6610BD-F313-441F-BFD6-1D003E949575}.Release|Any CPU.ActiveCfg = Release|Any CPU
		{CD6610BD-F313-441F-BFD6-1D003E949575}.Release|Any CPU.Build.0 = Release|Any CPU
		{CD6610BD-F313-441F-BFD6-1D003E949575}.Release|Mixed Platforms.ActiveCfg = Release|Any CPU
		{CD6610BD-F313-441F-BFD6-1D003E949575}.Release|Mixed Platforms.Build.0 = Release|Any CPU
		{CD6610BD-F313-441F-BFD6-1D003E949575}.Release|x86.ActiveCfg = Release|Any CPU
		{AC845337-41C3-47FB-855D-40749D6813CD}.Debug|Any CPU.ActiveCfg = Debug|Any CPU
		{AC845337-41C3-47FB-855D-40749D6813CD}.Debug|Any CPU.Build.0 = Debug|Any CPU
		{AC845337-41C3-47FB-855D-40749D6813CD}.Debug|Mixed Platforms.ActiveCfg = Debug|Any CPU
		{AC845337-41C3-47FB-855D-40749D6813CD}.Debug|Mixed Platforms.Build.0 = Debug|Any CPU
		{AC845337-41C3-47FB-855D-40749D6813CD}.Debug|x86.ActiveCfg = Debug|Any CPU
		{AC845337-41C3-47FB-855D-40749D6813CD}.Release|Any CPU.ActiveCfg = Release|Any CPU
		{AC845337-41C3-47FB-855D-40749D6813CD}.Release|Any CPU.Build.0 = Release|Any CPU
		{AC845337-41C3-47FB-855D-40749D6813CD}.Release|Mixed Platforms.ActiveCfg = Release|Any CPU
		{AC845337-41C3-47FB-855D-40749D6813CD}.Release|Mixed Platforms.Build.0 = Release|Any CPU
		{AC845337-41C3-47FB-855D-40749D6813CD}.Release|x86.ActiveCfg = Release|Any CPU
		{86F2B577-7AD3-4F25-99D2-ED63B3E56A74}.Debug|Any CPU.ActiveCfg = Debug|Any CPU
		{86F2B577-7AD3-4F25-99D2-ED63B3E56A74}.Debug|Any CPU.Build.0 = Debug|Any CPU
		{86F2B577-7AD3-4F25-99D2-ED63B3E56A74}.Debug|Mixed Platforms.ActiveCfg = Debug|Any CPU
		{86F2B577-7AD3-4F25-99D2-ED63B3E56A74}.Debug|Mixed Platforms.Build.0 = Debug|Any CPU
		{86F2B577-7AD3-4F25-99D2-ED63B3E56A74}.Debug|x86.ActiveCfg = Debug|Any CPU
		{86F2B577-7AD3-4F25-99D2-ED63B3E56A74}.Release|Any CPU.ActiveCfg = Release|Any CPU
		{86F2B577-7AD3-4F25-99D2-ED63B3E56A74}.Release|Any CPU.Build.0 = Release|Any CPU
		{86F2B577-7AD3-4F25-99D2-ED63B3E56A74}.Release|Mixed Platforms.ActiveCfg = Release|Any CPU
		{86F2B577-7AD3-4F25-99D2-ED63B3E56A74}.Release|Mixed Platforms.Build.0 = Release|Any CPU
		{86F2B577-7AD3-4F25-99D2-ED63B3E56A74}.Release|x86.ActiveCfg = Release|Any CPU
	EndGlobalSection
	GlobalSection(SolutionProperties) = preSolution
		HideSolutionNode = FALSE
	EndGlobalSection
	GlobalSection(NestedProjects) = preSolution
		{B36E13C7-AD0C-4AC8-B687-88F08A4932C4} = {0FC44D72-B7A8-4E66-AF4A-CDD177EF5E7E}
		{709535B2-25C0-4718-AD1D-459D9E272F2F} = {0FC44D72-B7A8-4E66-AF4A-CDD177EF5E7E}
		{ABDE3820-BCFF-4394-AC42-8A1305FB668F} = {0FC44D72-B7A8-4E66-AF4A-CDD177EF5E7E}
		{927BD07E-35D1-4C12-AAAA-BE5216627FBD} = {0FC44D72-B7A8-4E66-AF4A-CDD177EF5E7E}
	EndGlobalSection
EndGlobal
